
Microsoft Visual Studio Solution File, Format Version 12.00
# Visual Studio Version 17
VisualStudioVersion = 17.9.34728.123
MinimumVisualStudioVersion = 10.0.40219.1
Project("{FAE04EC0-301F-11D3-BF4B-00C04F79EFBC}") = "ParserToXmlTest", "ParserToXmlTest.csproj", "{3819D2EA-6ED3-41F8-B380-1926C21F5EFC}"
EndProject
Global
	GlobalSection(SolutionConfigurationPlatforms) = preSolution
		Debug|Any CPU = Debug|Any CPU
		Release|Any CPU = Release|Any CPU
	EndGlobalSection
	GlobalSection(ProjectConfigurationPlatforms) = postSolution
		{3819D2EA-6ED3-41F8-B380-1926C21F5EFC}.Debug|Any CPU.ActiveCfg = Debug|Any CPU
		{3819D2EA-6ED3-41F8-B380-1926C21F5EFC}.Debug|Any CPU.Build.0 = Debug|Any CPU
		{3819D2EA-6ED3-41F8-B380-1926C21F5EFC}.Release|Any CPU.ActiveCfg = Release|Any CPU
		{3819D2EA-6ED3-41F8-B380-1926C21F5EFC}.Release|Any CPU.Build.0 = Release|Any CPU
	EndGlobalSection
	GlobalSection(SolutionProperties) = preSolution
		HideSolutionNode = FALSE
	EndGlobalSection
	GlobalSection(ExtensibilityGlobals) = postSolution
		SolutionGuid = {06A3CDA9-F078-43D6-9D38-04F5921B9AF1}
	EndGlobalSection
EndGlobal
