
Microsoft Visual Studio Solution File, Format Version 12.00
# Visual Studio Version 17
VisualStudioVersion = 17.9.34902.65
MinimumVisualStudioVersion = 10.0.40219.1
Project("{FAE04EC0-301F-11D3-BF4B-00C04F79EFBC}") = "NunitTrain1", "NunitTrain1.csproj", "{B50E7EF6-2CA1-4C44-B02B-838570F2F04C}"
EndProject
Global
	GlobalSection(SolutionConfigurationPlatforms) = preSolution
		Debug|Any CPU = Debug|Any CPU
		Release|Any CPU = Release|Any CPU
	EndGlobalSection
	GlobalSection(ProjectConfigurationPlatforms) = postSolution
		{B50E7EF6-2CA1-4C44-B02B-838570F2F04C}.Debug|Any CPU.ActiveCfg = Debug|Any CPU
		{B50E7EF6-2CA1-4C44-B02B-838570F2F04C}.Debug|Any CPU.Build.0 = Debug|Any CPU
		{B50E7EF6-2CA1-4C44-B02B-838570F2F04C}.Release|Any CPU.ActiveCfg = Release|Any CPU
		{B50E7EF6-2CA1-4C44-B02B-838570F2F04C}.Release|Any CPU.Build.0 = Release|Any CPU
	EndGlobalSection
	GlobalSection(SolutionProperties) = preSolution
		HideSolutionNode = FALSE
	EndGlobalSection
	GlobalSection(ExtensibilityGlobals) = postSolution
		SolutionGuid = {0610102E-F0A9-4CB8-8842-17AA5A9DEF3D}
	EndGlobalSection
EndGlobal
